
Microsoft Visual Studio Solution File, Format Version 12.00
# Visual Studio Version 17
VisualStudioVersion = 17.3.32505.426
MinimumVisualStudioVersion = 10.0.40219.1
Project("{FAE04EC0-301F-11D3-BF4B-00C04F79EFBC}") = "FlyOutDemo", "FlyOutDemo\FlyOutDemo.csproj", "{0566B8A1-5C61-4F97-AFC3-D0C0AB8CA03E}"
EndProject
Global
	GlobalSection(SolutionConfigurationPlatforms) = preSolution
		Debug|Any CPU = Debug|Any CPU
		Release|Any CPU = Release|Any CPU
	EndGlobalSection
	GlobalSection(ProjectConfigurationPlatforms) = postSolution
		{0566B8A1-5C61-4F97-AFC3-D0C0AB8CA03E}.Debug|Any CPU.ActiveCfg = Debug|Any CPU
		{0566B8A1-5C61-4F97-AFC3-D0C0AB8CA03E}.Debug|Any CPU.Build.0 = Debug|Any CPU
		{0566B8A1-5C61-4F97-AFC3-D0C0AB8CA03E}.Debug|Any CPU.Deploy.0 = Debug|Any CPU
		{0566B8A1-5C61-4F97-AFC3-D0C0AB8CA03E}.Release|Any CPU.ActiveCfg = Release|Any CPU
		{0566B8A1-5C61-4F97-AFC3-D0C0AB8CA03E}.Release|Any CPU.Build.0 = Release|Any CPU
		{0566B8A1-5C61-4F97-AFC3-D0C0AB8CA03E}.Release|Any CPU.Deploy.0 = Release|Any CPU
	EndGlobalSection
	GlobalSection(SolutionProperties) = preSolution
		HideSolutionNode = FALSE
	EndGlobalSection
	GlobalSection(ExtensibilityGlobals) = postSolution
		SolutionGuid = {6D403FB2-9C6B-4510-B691-B06C9527AB1E}
	EndGlobalSection
EndGlobal
